
Microsoft Visual Studio Solution File, Format Version 12.00
# Visual Studio 2012
Project("{FAE04EC0-301F-11D3-BF4B-00C04F79EFBC}") = "WamsManager.Web", "WamsManager.Web\WamsManager.Web.csproj", "{98F66619-598A-468C-A0E9-0FB0337A2202}"
EndProject
Global
	GlobalSection(SolutionConfigurationPlatforms) = preSolution
		Debug|Any CPU = Debug|Any CPU
		Release|Any CPU = Release|Any CPU
	EndGlobalSection
	GlobalSection(ProjectConfigurationPlatforms) = postSolution
		{98F66619-598A-468C-A0E9-0FB0337A2202}.Debug|Any CPU.ActiveCfg = Debug|Any CPU
		{98F66619-598A-468C-A0E9-0FB0337A2202}.Debug|Any CPU.Build.0 = Debug|Any CPU
		{98F66619-598A-468C-A0E9-0FB0337A2202}.Release|Any CPU.ActiveCfg = Release|Any CPU
		{98F66619-598A-468C-A0E9-0FB0337A2202}.Release|Any CPU.Build.0 = Release|Any CPU
	EndGlobalSection
	GlobalSection(SolutionProperties) = preSolution
		HideSolutionNode = FALSE
	EndGlobalSection
EndGlobal
