
Microsoft Visual Studio Solution File, Format Version 12.00
# Visual Studio 2012
Project("{FAE04EC0-301F-11D3-BF4B-00C04F79EFBC}") = "AspProviders", "AspProviders.csproj", "{011811B0-351B-4B66-BC52-D808A8BDDCFA}"
EndProject
Global
	GlobalSection(SolutionConfigurationPlatforms) = preSolution
		Debug|Any CPU = Debug|Any CPU
		Release|Any CPU = Release|Any CPU
	EndGlobalSection
	GlobalSection(ProjectConfigurationPlatforms) = postSolution
		{011811B0-351B-4B66-BC52-D808A8BDDCFA}.Debug|Any CPU.ActiveCfg = Debug|Any CPU
		{011811B0-351B-4B66-BC52-D808A8BDDCFA}.Debug|Any CPU.Build.0 = Debug|Any CPU
		{011811B0-351B-4B66-BC52-D808A8BDDCFA}.Release|Any CPU.ActiveCfg = Release|Any CPU
		{011811B0-351B-4B66-BC52-D808A8BDDCFA}.Release|Any CPU.Build.0 = Release|Any CPU
	EndGlobalSection
	GlobalSection(SolutionProperties) = preSolution
		HideSolutionNode = FALSE
	EndGlobalSection
EndGlobal
